
Microsoft Visual Studio Solution File, Format Version 12.00
# Visual Studio Version 17
VisualStudioVersion = 17.11.35327.3
MinimumVisualStudioVersion = 10.0.40219.1
Project("{FAE04EC0-301F-11D3-BF4B-00C04F79EFBC}") = "ReactWithASPDemo.Server", "ReactWithASPDemo.Server\ReactWithASPDemo.Server.csproj", "{D0A5E650-4F87-4653-AF94-C17811D08337}"
EndProject
Project("{54A90642-561A-4BB1-A94E-469ADEE60C69}") = "reactwithaspdemo.client", "reactwithaspdemo.client\reactwithaspdemo.client.esproj", "{8149AC47-BF6B-4F79-A76F-2D354E2F2815}"
EndProject
Global
	GlobalSection(SolutionConfigurationPlatforms) = preSolution
		Debug|Any CPU = Debug|Any CPU
		Release|Any CPU = Release|Any CPU
	EndGlobalSection
	GlobalSection(ProjectConfigurationPlatforms) = postSolution
		{D0A5E650-4F87-4653-AF94-C17811D08337}.Debug|Any CPU.ActiveCfg = Debug|Any CPU
		{D0A5E650-4F87-4653-AF94-C17811D08337}.Debug|Any CPU.Build.0 = Debug|Any CPU
		{D0A5E650-4F87-4653-AF94-C17811D08337}.Release|Any CPU.ActiveCfg = Release|Any CPU
		{D0A5E650-4F87-4653-AF94-C17811D08337}.Release|Any CPU.Build.0 = Release|Any CPU
		{8149AC47-BF6B-4F79-A76F-2D354E2F2815}.Debug|Any CPU.ActiveCfg = Debug|Any CPU
		{8149AC47-BF6B-4F79-A76F-2D354E2F2815}.Debug|Any CPU.Build.0 = Debug|Any CPU
		{8149AC47-BF6B-4F79-A76F-2D354E2F2815}.Debug|Any CPU.Deploy.0 = Debug|Any CPU
		{8149AC47-BF6B-4F79-A76F-2D354E2F2815}.Release|Any CPU.ActiveCfg = Release|Any CPU
		{8149AC47-BF6B-4F79-A76F-2D354E2F2815}.Release|Any CPU.Build.0 = Release|Any CPU
		{8149AC47-BF6B-4F79-A76F-2D354E2F2815}.Release|Any CPU.Deploy.0 = Release|Any CPU
	EndGlobalSection
	GlobalSection(SolutionProperties) = preSolution
		HideSolutionNode = FALSE
	EndGlobalSection
	GlobalSection(ExtensibilityGlobals) = postSolution
		SolutionGuid = {9F8C631F-57A3-45DC-9428-9B24239B28F9}
	EndGlobalSection
EndGlobal
